
Microsoft Visual Studio Solution File, Format Version 12.00
# Visual Studio Version 17
VisualStudioVersion = 17.0.31903.59
MinimumVisualStudioVersion = 10.0.40219.1
Project("{FAE04EC0-301F-11D3-BF4B-00C04F79EFBC}") = "RPACProductionPlanner", "RPACProductionPlanner.csproj", "{4DBA1856-C44D-4F13-A5B2-F6064D7A1D2C}"
EndProject
Global
	GlobalSection(SolutionConfigurationPlatforms) = preSolution
		Debug|Any CPU = Debug|Any CPU
		Release|Any CPU = Release|Any CPU
	EndGlobalSection
	GlobalSection(ProjectConfigurationPlatforms) = postSolution
		{4DBA1856-C44D-4F13-A5B2-F6064D7A1D2C}.Debug|Any CPU.ActiveCfg = Debug|Any CPU
		{4DBA1856-C44D-4F13-A5B2-F6064D7A1D2C}.Debug|Any CPU.Build.0 = Debug|Any CPU
		{4DBA1856-C44D-4F13-A5B2-F6064D7A1D2C}.Release|Any CPU.ActiveCfg = Release|Any CPU
		{4DBA1856-C44D-4F13-A5B2-F6064D7A1D2C}.Release|Any CPU.Build.0 = Release|Any CPU
	EndGlobalSection
	GlobalSection(SolutionProperties) = preSolution
		HideSolutionNode = FALSE
	EndGlobalSection
	GlobalSection(ExtensibilityGlobals) = postSolution
		SolutionGuid = {A7B0748F-E9B0-4A0F-876B-C6F9D7A1D2C1}
	EndGlobalSection
EndGlobal
